
Microsoft Visual Studio Solution File, Format Version 12.00
# Visual Studio 2012
Project("{FAE04EC0-301F-11D3-BF4B-00C04F79EFBC}") = "MassiveTest.Interface", "MassiveTest.Interface\MassiveTest.Interface.csproj", "{8F816808-415D-4DEB-9B46-F053E5098B2C}"
EndProject
Project("{FAE04EC0-301F-11D3-BF4B-00C04F79EFBC}") = "MassiveTest.Graphs", "MassiveTest.Graphs\MassiveTest.Graphs.csproj", "{DF3F3C0E-B41A-4460-9547-0EFC901A5B5B}"
EndProject
Global
	GlobalSection(SolutionConfigurationPlatforms) = preSolution
		Debug|Any CPU = Debug|Any CPU
		Release|Any CPU = Release|Any CPU
	EndGlobalSection
	GlobalSection(ProjectConfigurationPlatforms) = postSolution
		{8F816808-415D-4DEB-9B46-F053E5098B2C}.Debug|Any CPU.ActiveCfg = Debug|Any CPU
		{8F816808-415D-4DEB-9B46-F053E5098B2C}.Debug|Any CPU.Build.0 = Debug|Any CPU
		{8F816808-415D-4DEB-9B46-F053E5098B2C}.Release|Any CPU.ActiveCfg = Release|Any CPU
		{8F816808-415D-4DEB-9B46-F053E5098B2C}.Release|Any CPU.Build.0 = Release|Any CPU
		{DF3F3C0E-B41A-4460-9547-0EFC901A5B5B}.Debug|Any CPU.ActiveCfg = Debug|Any CPU
		{DF3F3C0E-B41A-4460-9547-0EFC901A5B5B}.Debug|Any CPU.Build.0 = Debug|Any CPU
		{DF3F3C0E-B41A-4460-9547-0EFC901A5B5B}.Release|Any CPU.ActiveCfg = Release|Any CPU
		{DF3F3C0E-B41A-4460-9547-0EFC901A5B5B}.Release|Any CPU.Build.0 = Release|Any CPU
	EndGlobalSection
	GlobalSection(SolutionProperties) = preSolution
		HideSolutionNode = FALSE
	EndGlobalSection
EndGlobal
