
Microsoft Visual Studio Solution File, Format Version 12.00
# Visual Studio 2012
Project("{FAE04EC0-301F-11D3-BF4B-00C04F79EFBC}") = "MassiveTest.Interface", "MassiveTest.Interface\MassiveTest.Interface.csproj", "{8F816808-415D-4DEB-9B46-F053E5098B2C}"
EndProject
Project("{FAE04EC0-301F-11D3-BF4B-00C04F79EFBC}") = "MassiveTest.Graphs", "MassiveTest.Graphs\MassiveTest.Graphs.csproj", "{DF3F3C0E-B41A-4460-9547-0EFC901A5B5B}"
EndProject
Project("{FAE04EC0-301F-11D3-BF4B-00C04F79EFBC}") = "MassiveTest.Tests", "MassiveTest.Tests\MassiveTest.Tests.csproj", "{961B0862-02B9-4947-A41B-768BFA28DF1E}"
EndProject
Project("{FAE04EC0-301F-11D3-BF4B-00C04F79EFBC}") = "MassiveTest.DataProvider", "MassiveTest.DataProvider\MassiveTest.DataProvider.csproj", "{39D095C4-F4CC-44E7-8B2D-4910233FCB25}"
EndProject
Project("{FAE04EC0-301F-11D3-BF4B-00C04F79EFBC}") = "MassiveTest.DbEngine.MySql", "MassiveTest.DbEngine.MySql\MassiveTest.DbEngine.MySql.csproj", "{828B7AAE-10B9-40CD-98A0-43FC61080D69}"
EndProject
Project("{FAE04EC0-301F-11D3-BF4B-00C04F79EFBC}") = "MassiveTest.Wcf.Services", "MassiveTest.Wcf.Services\MassiveTest.Wcf.Services.csproj", "{15B3E0D2-6217-493A-A690-158C497F5318}"
EndProject
Project("{FAE04EC0-301F-11D3-BF4B-00C04F79EFBC}") = "MassiveTest.Wcf.App", "MassiveTest.Wcf.App\MassiveTest.Wcf.App.csproj", "{43422CEF-89AE-481A-A590-BE1F7015C064}"
EndProject
Project("{FAE04EC0-301F-11D3-BF4B-00C04F79EFBC}") = "MassiveTest.Wcf.Client", "MassiveTest.Wcf.Client\MassiveTest.Wcf.Client.csproj", "{2BAA6633-65A3-4A86-ACA6-97297C69389C}"
EndProject
Project("{FAE04EC0-301F-11D3-BF4B-00C04F79EFBC}") = "MassiveTest.DataLoader", "MassiveTest.DataLoader\MassiveTest.DataLoader.csproj", "{53A53B77-EA18-41C7-8224-0A70191A594A}"
EndProject
Project("{FAE04EC0-301F-11D3-BF4B-00C04F79EFBC}") = "MassiveTest.GraphViewer", "MassiveTest.GraphViewer\MassiveTest.GraphViewer.csproj", "{3A2DA698-9DDC-4FFD-BE1E-C142F0BAEC28}"
EndProject
Project("{2150E333-8FDC-42A3-9474-1A3956D46DE8}") = "Solution Items", "Solution Items", "{A5A0E425-0960-4598-9E09-4BE1AD911373}"
	ProjectSection(SolutionItems) = preProject
		TODO.txt = TODO.txt
	EndProjectSection
EndProject
Global
	GlobalSection(SolutionConfigurationPlatforms) = preSolution
		Debug|Any CPU = Debug|Any CPU
		Release|Any CPU = Release|Any CPU
	EndGlobalSection
	GlobalSection(ProjectConfigurationPlatforms) = postSolution
		{8F816808-415D-4DEB-9B46-F053E5098B2C}.Debug|Any CPU.ActiveCfg = Debug|Any CPU
		{8F816808-415D-4DEB-9B46-F053E5098B2C}.Debug|Any CPU.Build.0 = Debug|Any CPU
		{8F816808-415D-4DEB-9B46-F053E5098B2C}.Release|Any CPU.ActiveCfg = Release|Any CPU
		{8F816808-415D-4DEB-9B46-F053E5098B2C}.Release|Any CPU.Build.0 = Release|Any CPU
		{DF3F3C0E-B41A-4460-9547-0EFC901A5B5B}.Debug|Any CPU.ActiveCfg = Debug|Any CPU
		{DF3F3C0E-B41A-4460-9547-0EFC901A5B5B}.Debug|Any CPU.Build.0 = Debug|Any CPU
		{DF3F3C0E-B41A-4460-9547-0EFC901A5B5B}.Release|Any CPU.ActiveCfg = Release|Any CPU
		{DF3F3C0E-B41A-4460-9547-0EFC901A5B5B}.Release|Any CPU.Build.0 = Release|Any CPU
		{961B0862-02B9-4947-A41B-768BFA28DF1E}.Debug|Any CPU.ActiveCfg = Debug|Any CPU
		{961B0862-02B9-4947-A41B-768BFA28DF1E}.Debug|Any CPU.Build.0 = Debug|Any CPU
		{961B0862-02B9-4947-A41B-768BFA28DF1E}.Release|Any CPU.ActiveCfg = Release|Any CPU
		{961B0862-02B9-4947-A41B-768BFA28DF1E}.Release|Any CPU.Build.0 = Release|Any CPU
		{39D095C4-F4CC-44E7-8B2D-4910233FCB25}.Debug|Any CPU.ActiveCfg = Debug|Any CPU
		{39D095C4-F4CC-44E7-8B2D-4910233FCB25}.Debug|Any CPU.Build.0 = Debug|Any CPU
		{39D095C4-F4CC-44E7-8B2D-4910233FCB25}.Release|Any CPU.ActiveCfg = Release|Any CPU
		{39D095C4-F4CC-44E7-8B2D-4910233FCB25}.Release|Any CPU.Build.0 = Release|Any CPU
		{828B7AAE-10B9-40CD-98A0-43FC61080D69}.Debug|Any CPU.ActiveCfg = Debug|Any CPU
		{828B7AAE-10B9-40CD-98A0-43FC61080D69}.Debug|Any CPU.Build.0 = Debug|Any CPU
		{828B7AAE-10B9-40CD-98A0-43FC61080D69}.Release|Any CPU.ActiveCfg = Release|Any CPU
		{828B7AAE-10B9-40CD-98A0-43FC61080D69}.Release|Any CPU.Build.0 = Release|Any CPU
		{15B3E0D2-6217-493A-A690-158C497F5318}.Debug|Any CPU.ActiveCfg = Debug|Any CPU
		{15B3E0D2-6217-493A-A690-158C497F5318}.Debug|Any CPU.Build.0 = Debug|Any CPU
		{15B3E0D2-6217-493A-A690-158C497F5318}.Release|Any CPU.ActiveCfg = Release|Any CPU
		{15B3E0D2-6217-493A-A690-158C497F5318}.Release|Any CPU.Build.0 = Release|Any CPU
		{43422CEF-89AE-481A-A590-BE1F7015C064}.Debug|Any CPU.ActiveCfg = Debug|Any CPU
		{43422CEF-89AE-481A-A590-BE1F7015C064}.Debug|Any CPU.Build.0 = Debug|Any CPU
		{43422CEF-89AE-481A-A590-BE1F7015C064}.Release|Any CPU.ActiveCfg = Release|Any CPU
		{43422CEF-89AE-481A-A590-BE1F7015C064}.Release|Any CPU.Build.0 = Release|Any CPU
		{2BAA6633-65A3-4A86-ACA6-97297C69389C}.Debug|Any CPU.ActiveCfg = Debug|Any CPU
		{2BAA6633-65A3-4A86-ACA6-97297C69389C}.Debug|Any CPU.Build.0 = Debug|Any CPU
		{2BAA6633-65A3-4A86-ACA6-97297C69389C}.Release|Any CPU.ActiveCfg = Release|Any CPU
		{2BAA6633-65A3-4A86-ACA6-97297C69389C}.Release|Any CPU.Build.0 = Release|Any CPU
		{53A53B77-EA18-41C7-8224-0A70191A594A}.Debug|Any CPU.ActiveCfg = Debug|Any CPU
		{53A53B77-EA18-41C7-8224-0A70191A594A}.Debug|Any CPU.Build.0 = Debug|Any CPU
		{53A53B77-EA18-41C7-8224-0A70191A594A}.Release|Any CPU.ActiveCfg = Release|Any CPU
		{53A53B77-EA18-41C7-8224-0A70191A594A}.Release|Any CPU.Build.0 = Release|Any CPU
		{3A2DA698-9DDC-4FFD-BE1E-C142F0BAEC28}.Debug|Any CPU.ActiveCfg = Debug|Any CPU
		{3A2DA698-9DDC-4FFD-BE1E-C142F0BAEC28}.Debug|Any CPU.Build.0 = Debug|Any CPU
		{3A2DA698-9DDC-4FFD-BE1E-C142F0BAEC28}.Release|Any CPU.ActiveCfg = Release|Any CPU
		{3A2DA698-9DDC-4FFD-BE1E-C142F0BAEC28}.Release|Any CPU.Build.0 = Release|Any CPU
	EndGlobalSection
	GlobalSection(SolutionProperties) = preSolution
		HideSolutionNode = FALSE
	EndGlobalSection
EndGlobal
